
Microsoft Visual Studio Solution File, Format Version 12.00
# Visual Studio 14
VisualStudioVersion = 14.0.24720.0
MinimumVisualStudioVersion = 10.0.40219.1
Project("{FAE04EC0-301F-11D3-BF4B-00C04F79EFBC}") = "WebAdressBook", "WebAdressBook\WebAdressBook.csproj", "{D7CF34D9-F160-4553-92C3-69D4CD90E9C2}"
EndProject
Global
	GlobalSection(SolutionConfigurationPlatforms) = preSolution
		Debug|Any CPU = Debug|Any CPU
		Release|Any CPU = Release|Any CPU
	EndGlobalSection
	GlobalSection(ProjectConfigurationPlatforms) = postSolution
		{D7CF34D9-F160-4553-92C3-69D4CD90E9C2}.Debug|Any CPU.ActiveCfg = Debug|Any CPU
		{D7CF34D9-F160-4553-92C3-69D4CD90E9C2}.Debug|Any CPU.Build.0 = Debug|Any CPU
		{D7CF34D9-F160-4553-92C3-69D4CD90E9C2}.Release|Any CPU.ActiveCfg = Release|Any CPU
		{D7CF34D9-F160-4553-92C3-69D4CD90E9C2}.Release|Any CPU.Build.0 = Release|Any CPU
	EndGlobalSection
	GlobalSection(SolutionProperties) = preSolution
		HideSolutionNode = FALSE
	EndGlobalSection
EndGlobal
